PODS:
  - Bolts/Tasks (1.9.0)
  - mParticle-Apple-SDK (7.12.7):
    - mParticle-Apple-SDK/mParticle (= 7.12.7)
  - mParticle-Apple-SDK/mParticle (7.12.7)
  - Parse (1.17.3):
    - Parse/Core (= 1.17.3)
  - Parse/Core (1.17.3):
    - Bolts/Tasks (~> 1.9)

DEPENDENCIES:
  - mParticle-Apple-SDK (~> 7.8)
  - Parse

SPEC REPOS:
  trunk:
    - Bolts
    - mParticle-Apple-SDK
    - Parse

SPEC CHECKSUMS:
  Bolts: ac6567323eac61e203f6a9763667d0f711be34c8
  mParticle-Apple-SDK: 967b4cc9aa417c6b585e285629b3dd3ea42d3176
  Parse: c1ad2a04d2cab2b54b6fb7da05f741abf2cf57d1

PODFILE CHECKSUM: 2700534cee57386f1e5910bf4197dec377e7e972

COCOAPODS: 1.8.4
